// !$*UTF8*$!
{
	archiveVersion = 1;
	classes = {
	};
	objectVersion = 50;
	objects = {

/* Begin PBXBuildFile section */
		2F4E0E5723AD003D004B2EA0 /* PasswordViewController.swift in Sources */ = {isa = PBXBuildFile; fileRef = 2F4E0E5623AD003D004B2EA0 /* PasswordViewController.swift */; };
		2F4E0E5A23AD0072004B2EA0 /* PasswordViewController.xib in Resources */ = {isa = PBXBuildFile; fileRef = 2F4E0E5923AD0072004B2EA0 /* PasswordViewController.xib */; };
		2F93986623AB710C00E8AB84 /* AppDelegate.swift in Sources */ = {isa = PBXBuildFile; fileRef = 2F93986523AB710C00E8AB84 /* AppDelegate.swift */; };
		2F93986823AB710C00E8AB84 /* ViewController.swift in Sources */ = {isa = PBXBuildFile; fileRef = 2F93986723AB710C00E8AB84 /* ViewController.swift */; };
		2F93986B23AB710C00E8AB84 /* Main.storyboard in Resources */ = {isa = PBXBuildFile; fileRef = 2F93986923AB710C00E8AB84 /* Main.storyboard */; };
		2F93986D23AB710F00E8AB84 /* Assets.xcassets in Resources */ = {isa = PBXBuildFile; fileRef = 2F93986C23AB710F00E8AB84 /* Assets.xcassets */; };
		2F93987023AB710F00E8AB84 /* LaunchScreen.storyboard in Resources */ = {isa = PBXBuildFile; fileRef = 2F93986E23AB710F00E8AB84 /* LaunchScreen.storyboard */; };
		2F93988823AB84D100E8AB84 /* PinCodeDecorator.framework in CopyFiles */ = {isa = PBXBuildFile; fileRef = 2F93987C23AB717A00E8AB84 /* PinCodeDecorator.framework */; settings = {ATTRIBUTES = (CodeSignOnCopy, RemoveHeadersOnCopy, ); }; };
		2FDB8F4E23ABAC25001B8D71 /* PinViewController.swift in Sources */ = {isa = PBXBuildFile; fileRef = 2FDB8F4D23ABAC25001B8D71 /* PinViewController.swift */; };
		2FDB8F5123ABAC78001B8D71 /* PinViewController.xib in Resources */ = {isa = PBXBuildFile; fileRef = 2FDB8F5023ABAC78001B8D71 /* PinViewController.xib */; };
/* End PBXBuildFile section */

/* Begin PBXContainerItemProxy section */
		2F93987B23AB717A00E8AB84 /* PBXContainerItemProxy */ = {
			isa = PBXContainerItemProxy;
			containerPortal = 2F93987723AB717A00E8AB84 /* PinCodeDecorator.xcodeproj */;
			proxyType = 2;
			remoteGlobalIDString = 2F93984223AB6F9E00E8AB84;
			remoteInfo = PinCodeDecorator;
		};
/* End PBXContainerItemProxy section */

/* Begin PBXCopyFilesBuildPhase section */
		2F93988723AB84AD00E8AB84 /* CopyFiles */ = {
			isa = PBXCopyFilesBuildPhase;
			buildActionMask = 2147483647;
			dstPath = "";
			dstSubfolderSpec = 7;
			files = (
				2F93988823AB84D100E8AB84 /* PinCodeDecorator.framework in CopyFiles */,
			);
			runOnlyForDeploymentPostprocessing = 0;
		};
/* End PBXCopyFilesBuildPhase section */

/* Begin PBXFileReference section */
		2F4E0E5623AD003D004B2EA0 /* PasswordViewController.swift */ = {isa = PBXFileReference; lastKnownFileType = sourcecode.swift; path = PasswordViewController.swift; sourceTree = "<group>"; };
		2F4E0E5923AD0072004B2EA0 /* PasswordViewController.xib */ = {isa = PBXFileReference; lastKnownFileType = file.xib; path = PasswordViewController.xib; sourceTree = "<group>"; };
		2F93986223AB710C00E8AB84 /* PinCodeDecoratorExample.app */ = {isa = PBXFileReference; explicitFileType = wrapper.application; includeInIndex = 0; path = PinCodeDecoratorExample.app; sourceTree = BUILT_PRODUCTS_DIR; };
		2F93986523AB710C00E8AB84 /* AppDelegate.swift */ = {isa = PBXFileReference; lastKnownFileType = sourcecode.swift; path = AppDelegate.swift; sourceTree = "<group>"; };
		2F93986723AB710C00E8AB84 /* ViewController.swift */ = {isa = PBXFileReference; lastKnownFileType = sourcecode.swift; path = ViewController.swift; sourceTree = "<group>"; };
		2F93986A23AB710C00E8AB84 /* Base */ = {isa = PBXFileReference; lastKnownFileType = file.storyboard; name = Base; path = Base.lproj/Main.storyboard; sourceTree = "<group>"; };
		2F93986C23AB710F00E8AB84 /* Assets.xcassets */ = {isa = PBXFileReference; lastKnownFileType = folder.assetcatalog; path = Assets.xcassets; sourceTree = "<group>"; };
		2F93986F23AB710F00E8AB84 /* Base */ = {isa = PBXFileReference; lastKnownFileType = file.storyboard; name = Base; path = Base.lproj/LaunchScreen.storyboard; sourceTree = "<group>"; };
		2F93987123AB710F00E8AB84 /* Info.plist */ = {isa = PBXFileReference; lastKnownFileType = text.plist.xml; path = Info.plist; sourceTree = "<group>"; };
		2F93987723AB717A00E8AB84 /* PinCodeDecorator.xcodeproj */ = {isa = PBXFileReference; lastKnownFileType = "wrapper.pb-project"; name = PinCodeDecorator.xcodeproj; path = ../../PinCodeDecorator.xcodeproj; sourceTree = "<group>"; };
		2FDB8F4D23ABAC25001B8D71 /* PinViewController.swift */ = {isa = PBXFileReference; lastKnownFileType = sourcecode.swift; path = PinViewController.swift; sourceTree = "<group>"; };
		2FDB8F5023ABAC78001B8D71 /* PinViewController.xib */ = {isa = PBXFileReference; lastKnownFileType = file.xib; path = PinViewController.xib; sourceTree = "<group>"; };
/* End PBXFileReference section */

/* Begin PBXFrameworksBuildPhase section */
		2F93985F23AB710C00E8AB84 /* Frameworks */ = {
			isa = PBXFrameworksBuildPhase;
			buildActionMask = 2147483647;
			files = (
			);
			runOnlyForDeploymentPostprocessing = 0;
		};
/* End PBXFrameworksBuildPhase section */

/* Begin PBXGroup section */
		2F93985923AB710C00E8AB84 = {
			isa = PBXGroup;
			children = (
				2F93987723AB717A00E8AB84 /* PinCodeDecorator.xcodeproj */,
				2F93986423AB710C00E8AB84 /* PinCodeDecoratorExample */,
				2F93986323AB710C00E8AB84 /* Products */,
			);
			sourceTree = "<group>";
		};
		2F93986323AB710C00E8AB84 /* Products */ = {
			isa = PBXGroup;
			children = (
				2F93986223AB710C00E8AB84 /* PinCodeDecoratorExample.app */,
			);
			name = Products;
			sourceTree = "<group>";
		};
		2F93986423AB710C00E8AB84 /* PinCodeDecoratorExample */ = {
			isa = PBXGroup;
			children = (
				2F93986523AB710C00E8AB84 /* AppDelegate.swift */,
				2F93986723AB710C00E8AB84 /* ViewController.swift */,
				2F4E0E5623AD003D004B2EA0 /* PasswordViewController.swift */,
				2F4E0E5923AD0072004B2EA0 /* PasswordViewController.xib */,
				2FDB8F4D23ABAC25001B8D71 /* PinViewController.swift */,
				2FDB8F5023ABAC78001B8D71 /* PinViewController.xib */,
				2F93986923AB710C00E8AB84 /* Main.storyboard */,
				2F93986C23AB710F00E8AB84 /* Assets.xcassets */,
				2F93986E23AB710F00E8AB84 /* LaunchScreen.storyboard */,
				2F93987123AB710F00E8AB84 /* Info.plist */,
			);
			path = PinCodeDecoratorExample;
			sourceTree = "<group>";
		};
		2F93987823AB717A00E8AB84 /* Products */ = {
			isa = PBXGroup;
			children = (
				2F93987C23AB717A00E8AB84 /* PinCodeDecorator.framework */,
			);
			name = Products;
			sourceTree = "<group>";
		};
/* End PBXGroup section */

/* Begin PBXNativeTarget section */
		2F93986123AB710C00E8AB84 /* PinCodeDecoratorExample */ = {
			isa = PBXNativeTarget;
			buildConfigurationList = 2F93987423AB710F00E8AB84 /* Build configuration list for PBXNativeTarget "PinCodeDecoratorExample" */;
			buildPhases = (
				2F93985E23AB710C00E8AB84 /* Sources */,
				2F93985F23AB710C00E8AB84 /* Frameworks */,
				2F93986023AB710C00E8AB84 /* Resources */,
				2F93988723AB84AD00E8AB84 /* CopyFiles */,
			);
			buildRules = (
			);
			dependencies = (
			);
			name = PinCodeDecoratorExample;
			productName = PinCodeDecoratorExample;
			productReference = 2F93986223AB710C00E8AB84 /* PinCodeDecoratorExample.app */;
			productType = "com.apple.product-type.application";
		};
/* End PBXNativeTarget section */

/* Begin PBXProject section */
		2F93985A23AB710C00E8AB84 /* Project object */ = {
			isa = PBXProject;
			attributes = {
				LastSwiftUpdateCheck = 1030;
				LastUpgradeCheck = 1030;
				ORGANIZATIONNAME = "Dotsenko ";
				TargetAttributes = {
					2F93986123AB710C00E8AB84 = {
						CreatedOnToolsVersion = 10.3;
					};
				};
			};
			buildConfigurationList = 2F93985D23AB710C00E8AB84 /* Build configuration list for PBXProject "PinCodeDecoratorExample" */;
			compatibilityVersion = "Xcode 9.3";
			developmentRegion = en;
			hasScannedForEncodings = 0;
			knownRegions = (
				en,
				Base,
			);
			mainGroup = 2F93985923AB710C00E8AB84;
			productRefGroup = 2F93986323AB710C00E8AB84 /* Products */;
			projectDirPath = "";
			projectReferences = (
				{
					ProductGroup = 2F93987823AB717A00E8AB84 /* Products */;
					ProjectRef = 2F93987723AB717A00E8AB84 /* PinCodeDecorator.xcodeproj */;
				},
			);
			projectRoot = "";
			targets = (
				2F93986123AB710C00E8AB84 /* PinCodeDecoratorExample */,
			);
		};
/* End PBXProject section */

/* Begin PBXReferenceProxy section */
		2F93987C23AB717A00E8AB84 /* PinCodeDecorator.framework */ = {
			isa = PBXReferenceProxy;
			fileType = wrapper.framework;
			path = PinCodeDecorator.framework;
			remoteRef = 2F93987B23AB717A00E8AB84 /* PBXContainerItemProxy */;
			sourceTree = BUILT_PRODUCTS_DIR;
		};
/* End PBXReferenceProxy section */

/* Begin PBXResourcesBuildPhase section */
		2F93986023AB710C00E8AB84 /* Resources */ = {
			isa = PBXResourcesBuildPhase;
			buildActionMask = 2147483647;
			files = (
				2FDB8F5123ABAC78001B8D71 /* PinViewController.xib in Resources */,
				2F93987023AB710F00E8AB84 /* LaunchScreen.storyboard in Resources */,
				2F93986D23AB710F00E8AB84 /* Assets.xcassets in Resources */,
				2F93986B23AB710C00E8AB84 /* Main.storyboard in Resources */,
				2F4E0E5A23AD0072004B2EA0 /* PasswordViewController.xib in Resources */,
			);
			runOnlyForDeploymentPostprocessing = 0;
		};
/* End PBXResourcesBuildPhase section */

/* Begin PBXSourcesBuildPhase section */
		2F93985E23AB710C00E8AB84 /* Sources */ = {
			isa = PBXSourcesBuildPhase;
			buildActionMask = 2147483647;
			files = (
				2F93986823AB710C00E8AB84 /* ViewController.swift in Sources */,
				2F4E0E5723AD003D004B2EA0 /* PasswordViewController.swift in Sources */,
				2F93986623AB710C00E8AB84 /* AppDelegate.swift in Sources */,
				2FDB8F4E23ABAC25001B8D71 /* PinViewController.swift in Sources */,
			);
			runOnlyForDeploymentPostprocessing = 0;
		};
/* End PBXSourcesBuildPhase section */

/* Begin PBXVariantGroup section */
		2F93986923AB710C00E8AB84 /* Main.storyboard */ = {
			isa = PBXVariantGroup;
			children = (
				2F93986A23AB710C00E8AB84 /* Base */,
			);
			name = Main.storyboard;
			sourceTree = "<group>";
		};
		2F93986E23AB710F00E8AB84 /* LaunchScreen.storyboard */ = {
			isa = PBXVariantGroup;
			children = (
				2F93986F23AB710F00E8AB84 /* Base */,
			);
			name = LaunchScreen.storyboard;
			sourceTree = "<group>";
		};
/* End PBXVariantGroup section */

/* Begin XCBuildConfiguration section */
		2F93987223AB710F00E8AB84 /* Debug */ = {
			isa = XCBuildConfiguration;
			buildSettings = {
				ALWAYS_SEARCH_USER_PATHS = NO;
				CLANG_ANALYZER_NONNULL = YES;
				CLANG_ANALYZER_NUMBER_OBJECT_CONVERSION = YES_AGGRESSIVE;
				CLANG_CXX_LANGUAGE_STANDARD = "gnu++14";
				CLANG_CXX_LIBRARY = "libc++";
				CLANG_ENABLE_MODULES = YES;
				CLANG_ENABLE_OBJC_ARC = YES;
				CLANG_ENABLE_OBJC_WEAK = YES;
				CLANG_WARN_BLOCK_CAPTURE_AUTORELEASING = YES;
				CLANG_WARN_BOOL_CONVERSION = YES;
				CLANG_WARN_COMMA = YES;
				CLANG_WARN_CONSTANT_CONVERSION = YES;
				CLANG_WARN_DEPRECATED_OBJC_IMPLEMENTATIONS = YES;
				CLANG_WARN_DIRECT_OBJC_ISA_USAGE = YES_ERROR;
				CLANG_WARN_DOCUMENTATION_COMMENTS = YES;
				CLANG_WARN_EMPTY_BODY = YES;
				CLANG_WARN_ENUM_CONVERSION = YES;
				CLANG_WARN_INFINITE_RECURSION = YES;
				CLANG_WARN_INT_CONVERSION = YES;
				CLANG_WARN_NON_LITERAL_NULL_CONVERSION = YES;
				CLANG_WARN_OBJC_IMPLICIT_RETAIN_SELF = YES;
				CLANG_WARN_OBJC_LITERAL_CONVERSION = YES;
				CLANG_WARN_OBJC_ROOT_CLASS = YES_ERROR;
				CLANG_WARN_RANGE_LOOP_ANALYSIS = YES;
				CLANG_WARN_STRICT_PROTOTYPES = YES;
				CLANG_WARN_SUSPICIOUS_MOVE = YES;
				CLANG_WARN_UNGUARDED_AVAILABILITY = YES_AGGRESSIVE;
				CLANG_WARN_UNREACHABLE_CODE = YES;
				CLANG_WARN__DUPLICATE_METHOD_MATCH = YES;
				CODE_SIGN_IDENTITY = "iPhone Developer";
				COPY_PHASE_STRIP = NO;
				DEBUG_INFORMATION_FORMAT = dwarf;
				ENABLE_STRICT_OBJC_MSGSEND = YES;
				ENABLE_TESTABILITY = YES;
				GCC_C_LANGUAGE_STANDARD = gnu11;
				GCC_DYNAMIC_NO_PIC = NO;
				GCC_NO_COMMON_BLOCKS = YES;
				GCC_OPTIMIZATION_LEVEL = 0;
				GCC_PREPROCESSOR_DEFINITIONS = (
					"DEBUG=1",
					"$(inherited)",
				);
				GCC_WARN_64_TO_32_BIT_CONVERSION = YES;
				GCC_WARN_ABOUT_RETURN_TYPE = YES_ERROR;
				GCC_WARN_UNDECLARED_SELECTOR = YES;
				GCC_WARN_UNINITIALIZED_AUTOS = YES_AGGRESSIVE;
				GCC_WARN_UNUSED_FUNCTION = YES;
				GCC_WARN_UNUSED_VARIABLE = YES;
				IPHONEOS_DEPLOYMENT_TARGET = 12.4;
				MTL_ENABLE_DEBUG_INFO = INCLUDE_SOURCE;
				MTL_FAST_MATH = YES;
				ONLY_ACTIVE_ARCH = YES;
				SDKROOT = iphoneos;
				SWIFT_ACTIVE_COMPILATION_CONDITIONS = DEBUG;
				SWIFT_OPTIMIZATION_LEVEL = "-Onone";
			};
			name = Debug;
		};
		2F93987323AB710F00E8AB84 /* Release */ = {
			isa = XCBuildConfiguration;
			buildSettings = {
				ALWAYS_SEARCH_USER_PATHS = NO;
				CLANG_ANALYZER_NONNULL = YES;
				CLANG_ANALYZER_NUMBER_OBJECT_CONVERSION = YES_AGGRESSIVE;
				CLANG_CXX_LANGUAGE_STANDARD = "gnu++14";
				CLANG_CXX_LIBRARY = "libc++";
				CLANG_ENABLE_MODULES = YES;
				CLANG_ENABLE_OBJC_ARC = YES;
				CLANG_ENABLE_OBJC_WEAK = YES;
				CLANG_WARN_BLOCK_CAPTURE_AUTORELEASING = YES;
				CLANG_WARN_BOOL_CONVERSION = YES;
				CLANG_WARN_COMMA = YES;
				CLANG_WARN_CONSTANT_CONVERSION = YES;
				CLANG_WARN_DEPRECATED_OBJC_IMPLEMENTATIONS = YES;
				CLANG_WARN_DIRECT_OBJC_ISA_USAGE = YES_ERROR;
				CLANG_WARN_DOCUMENTATION_COMMENTS = YES;
				CLANG_WARN_EMPTY_BODY = YES;
				CLANG_WARN_ENUM_CONVERSION = YES;
				CLANG_WARN_INFINITE_RECURSION = YES;
				CLANG_WARN_INT_CONVERSION = YES;
				CLANG_WARN_NON_LITERAL_NULL_CONVERSION = YES;
				CLANG_WARN_OBJC_IMPLICIT_RETAIN_SELF = YES;
				CLANG_WARN_OBJC_LITERAL_CONVERSION = YES;
				CLANG_WARN_OBJC_ROOT_CLASS = YES_ERROR;
				CLANG_WARN_RANGE_LOOP_ANALYSIS = YES;
				CLANG_WARN_STRICT_PROTOTYPES = YES;
				CLANG_WARN_SUSPICIOUS_MOVE = YES;
				CLANG_WARN_UNGUARDED_AVAILABILITY = YES_AGGRESSIVE;
				CLANG_WARN_UNREACHABLE_CODE = YES;
				CLANG_WARN__DUPLICATE_METHOD_MATCH = YES;
				CODE_SIGN_IDENTITY = "iPhone Developer";
				COPY_PHASE_STRIP = NO;
				DEBUG_INFORMATION_FORMAT = "dwarf-with-dsym";
				ENABLE_NS_ASSERTIONS = NO;
				ENABLE_STRICT_OBJC_MSGSEND = YES;
				GCC_C_LANGUAGE_STANDARD = gnu11;
				GCC_NO_COMMON_BLOCKS = YES;
				GCC_WARN_64_TO_32_BIT_CONVERSION = YES;
				GCC_WARN_ABOUT_RETURN_TYPE = YES_ERROR;
				GCC_WARN_UNDECLARED_SELECTOR = YES;
				GCC_WARN_UNINITIALIZED_AUTOS = YES_AGGRESSIVE;
				GCC_WARN_UNUSED_FUNCTION = YES;
				GCC_WARN_UNUSED_VARIABLE = YES;
				IPHONEOS_DEPLOYMENT_TARGET = 12.4;
				MTL_ENABLE_DEBUG_INFO = NO;
				MTL_FAST_MATH = YES;
				SDKROOT = iphoneos;
				SWIFT_COMPILATION_MODE = wholemodule;
				SWIFT_OPTIMIZATION_LEVEL = "-O";
				VALIDATE_PRODUCT = YES;
			};
			name = Release;
		};
		2F93987523AB710F00E8AB84 /* Debug */ = {
			isa = XCBuildConfiguration;
			buildSettings = {
				ASSETCATALOG_COMPILER_APPICON_NAME = AppIcon;
				CODE_SIGN_STYLE = Automatic;
				INFOPLIST_FILE = PinCodeDecoratorExample/Info.plist;
				LD_RUNPATH_SEARCH_PATHS = (
					"$(inherited)",
					"@executable_path/Frameworks",
				);
				PRODUCT_BUNDLE_IDENTIFIER = DD.PinCodeDecoratorExample;
				PRODUCT_NAME = "$(TARGET_NAME)";
				SWIFT_VERSION = 5.0;
				TARGETED_DEVICE_FAMILY = "1,2";
			};
			name = Debug;
		};
		2F93987623AB710F00E8AB84 /* Release */ = {
			isa = XCBuildConfiguration;
			buildSettings = {
				ASSETCATALOG_COMPILER_APPICON_NAME = AppIcon;
				CODE_SIGN_STYLE = Automatic;
				INFOPLIST_FILE = PinCodeDecoratorExample/Info.plist;
				LD_RUNPATH_SEARCH_PATHS = (
					"$(inherited)",
					"@executable_path/Frameworks",
				);
				PRODUCT_BUNDLE_IDENTIFIER = DD.PinCodeDecoratorExample;
				PRODUCT_NAME = "$(TARGET_NAME)";
				SWIFT_VERSION = 5.0;
				TARGETED_DEVICE_FAMILY = "1,2";
			};
			name = Release;
		};
/* End XCBuildConfiguration section */

/* Begin XCConfigurationList section */
		2F93985D23AB710C00E8AB84 /* Build configuration list for PBXProject "PinCodeDecoratorExample" */ = {
			isa = XCConfigurationList;
			buildConfigurations = (
				2F93987223AB710F00E8AB84 /* Debug */,
				2F93987323AB710F00E8AB84 /* Release */,
			);
			defaultConfigurationIsVisible = 0;
			defaultConfigurationName = Release;
		};
		2F93987423AB710F00E8AB84 /* Build configuration list for PBXNativeTarget "PinCodeDecoratorExample" */ = {
			isa = XCConfigurationList;
			buildConfigurations = (
				2F93987523AB710F00E8AB84 /* Debug */,
				2F93987623AB710F00E8AB84 /* Release */,
			);
			defaultConfigurationIsVisible = 0;
			defaultConfigurationName = Release;
		};
/* End XCConfigurationList section */
	};
	rootObject = 2F93985A23AB710C00E8AB84 /* Project object */;
}
